
Microsoft Visual Studio Solution File, Format Version 12.00
# Visual Studio 15
VisualStudioVersion = 15.0.28307.168
MinimumVisualStudioVersion = 10.0.40219.1
Project("{FAE04EC0-301F-11D3-BF4B-00C04F79EFBC}") = "YahtzeeTests", "YahtzeeTests\YahtzeeTests.csproj", "{641D3FCF-BF19-4724-B613-9F31098CBFB5}"
EndProject
Project("{FAE04EC0-301F-11D3-BF4B-00C04F79EFBC}") = "YahtzeeScorer", "YahtzeeScorer\YahtzeeScorer.csproj", "{840ABD01-38F8-4379-9B72-19279E1F8081}"
EndProject
Global
	GlobalSection(SolutionConfigurationPlatforms) = preSolution
		Debug|Any CPU = Debug|Any CPU
		Release|Any CPU = Release|Any CPU
	EndGlobalSection
	GlobalSection(ProjectConfigurationPlatforms) = postSolution
		{641D3FCF-BF19-4724-B613-9F31098CBFB5}.Debug|Any CPU.ActiveCfg = Debug|Any CPU
		{641D3FCF-BF19-4724-B613-9F31098CBFB5}.Debug|Any CPU.Build.0 = Debug|Any CPU
		{641D3FCF-BF19-4724-B613-9F31098CBFB5}.Release|Any CPU.ActiveCfg = Release|Any CPU
		{641D3FCF-BF19-4724-B613-9F31098CBFB5}.Release|Any CPU.Build.0 = Release|Any CPU
		{840ABD01-38F8-4379-9B72-19279E1F8081}.Debug|Any CPU.ActiveCfg = Debug|Any CPU
		{840ABD01-38F8-4379-9B72-19279E1F8081}.Debug|Any CPU.Build.0 = Debug|Any CPU
		{840ABD01-38F8-4379-9B72-19279E1F8081}.Release|Any CPU.ActiveCfg = Release|Any CPU
		{840ABD01-38F8-4379-9B72-19279E1F8081}.Release|Any CPU.Build.0 = Release|Any CPU
	EndGlobalSection
	GlobalSection(SolutionProperties) = preSolution
		HideSolutionNode = FALSE
	EndGlobalSection
	GlobalSection(ExtensibilityGlobals) = postSolution
		SolutionGuid = {794E4D73-FB45-49C0-9C11-E7648B48A547}
	EndGlobalSection
EndGlobal
